# THIS IS AN AUTOGENERATED FILE. DO NOT EDIT THIS FILE DIRECTLY.
# yarn lockfile v1


"@azure/msal-common@^9.0.2":
  version "9.0.2"
  resolved "https://registry.yarnpkg.com/@azure/msal-common/-/msal-common-9.0.2.tgz#b01c0faef18125987682e669494163da06449a20"
  integrity sha512-qzwxuF8kZAp+rNUactMCgJh8fblq9D4lSqrrIxMDzLjgSZtjN32ix7r/HBe8QdOr76II9SVVPcMkX4sPzPfQ7w==

"@azure/msal-node@^1.1.0":
  version "1.14.6"
  resolved "https://registry.yarnpkg.com/@azure/msal-node/-/msal-node-1.14.6.tgz#db1d64249e38afa4831aaed818d17cf48e53c349"
  integrity sha512-em/qqFL5tLMxMPl9vormAs13OgZpmQoJbiQ/GlWr+BA77eCLoL+Ehr5xRHowYo+LFe5b+p+PJVkRvT+mLvOkwA==
  dependencies:
    "@azure/msal-common" "^9.0.2"
    jsonwebtoken "^9.0.0"
    uuid "^8.3.0"

"@nxg-org/mineflayer-util-plugin@^1.0.1":
  version "1.1.0"
  resolved "https://registry.npmjs.org/@nxg-org/mineflayer-util-plugin/-/mineflayer-util-plugin-1.1.0.tgz"
  integrity sha512-ML/HMIF+OqW8BLsQJPr7sGmwTSEf890wXaPRjqBfjPYy4D9ilSrvdAZLidfxwJzFmF3TwspPNmzKeDZa5Okzsw==
  dependencies:
    "@nxg-org/mineflayer-util-plugin" "^1.0.1"
    minecraft-data "^2.97.0"
    mineflayer "^3.11.2"
    mineflayer-pathfinder "^1.8.0"
    prismarine-block "^1.10.3"
    prismarine-item "^1.11.1"
    vec3 "^0.1.7"

"@types/node@^16.11.11":
  version "16.11.11"
  resolved "https://registry.npmjs.org/@types/node/-/node-16.11.11.tgz"
  integrity sha512-KB0sixD67CeecHC33MYn+eYARkqTheIRNuu97y2XMjR7Wu3XibO1vaY6VBV6O/a89SPI81cEUIYT87UqUWlZNw==

"@xboxreplay/errors@^0.1.0":
  version "0.1.0"
  resolved "https://registry.npmjs.org/@xboxreplay/errors/-/errors-0.1.0.tgz"
  integrity sha512-Tgz1d/OIPDWPeyOvuL5+aai5VCcqObhPnlI3skQuf80GVF3k1I0lPCnGC+8Cm5PV9aLBT5m8qPcJoIUQ2U4y9g==

"@xboxreplay/xboxlive-auth@^3.3.3":
  version "3.3.3"
  resolved "https://registry.npmjs.org/@xboxreplay/xboxlive-auth/-/xboxlive-auth-3.3.3.tgz"
  integrity sha512-j0AU8pW10LM8O68CTZ5QHnvOjSsnPICy0oQcP7zyM7eWkDQ/InkiQiirQKsPn1XRYDl4ccNu0WM582s3UKwcBg==
  dependencies:
    "@xboxreplay/errors" "^0.1.0"
    axios "^0.21.1"

aes-js@^3.1.2:
  version "3.1.2"
  resolved "https://registry.npmjs.org/aes-js/-/aes-js-3.1.2.tgz"
  integrity sha512-e5pEa2kBnBOgR4Y/p20pskXI74UEz7de8ZGVo58asOtvSVG5YAbJeELPZxOmt+Bnz3rX753YKhfIn4X4l1PPRQ==

ajv@^6.5.4:
  version "6.12.6"
  resolved "https://registry.npmjs.org/ajv/-/ajv-6.12.6.tgz"
  integrity sha512-j3fVLgvTo527anyYyJOGTYJbG+vnnQYvE0m5mmkc1TK+nxAppkCLMIL0aZ4dblVCNoGShhm+kzE4ZUykBoMg4g==
  dependencies:
    fast-deep-equal "^3.1.1"
    fast-json-stable-stringify "^2.0.0"
    json-schema-traverse "^0.4.1"
    uri-js "^4.2.2"

asn1@0.2.3:
  version "0.2.3"
  resolved "https://registry.npmjs.org/asn1/-/asn1-0.2.3.tgz"
  integrity sha1-2sh4dxPJlmhJ/IGAd36+nB3fO4Y=

axios@^0.21.1:
  version "0.21.4"
  resolved "https://registry.npmjs.org/axios/-/axios-0.21.4.tgz"
  integrity sha512-ut5vewkiu8jjGBdqpM44XxjuCjq9LAKeHVmoVfHVzy8eHgxxq8SbAVQNovDA8mVi05kP0Ea/n/UzcSHcTJQfNg==
  dependencies:
    follow-redirects "^1.14.0"

buffer-equal-constant-time@1.0.1:
  version "1.0.1"
  resolved "https://registry.yarnpkg.com/buffer-equal-constant-time/-/buffer-equal-constant-time-1.0.1.tgz#f8e71132f7ffe6e01a5c9697a4c6f3e48d5cc819"
  integrity sha512-zRpUiDwd/xk6ADqPMATG8vc9VPrkck7T07OIx0gnjmJAnHnTVXNQG3vfvWNuiZIkwu9KrKdA1iJKfsfTVxE6NA==

buffer-equal@^1.0.0:
  version "1.0.0"
  resolved "https://registry.npmjs.org/buffer-equal/-/buffer-equal-1.0.0.tgz"
  integrity sha1-WWFrSYME1Var1GaWayLu2j7KX74=

commander@^2.19.0:
  version "2.20.3"
  resolved "https://registry.npmjs.org/commander/-/commander-2.20.3.tgz"
  integrity sha512-GpVkmM8vF2vQUkj2LvZmD35JxeJOLCwJ9cUkugyk2nuhbv3+mJvpLYYt+0+USMxE+oj+ey/lJEnhZw75x/OMcQ==

debug@^4.3.2:
  version "4.3.3"
  resolved "https://registry.npmjs.org/debug/-/debug-4.3.3.tgz"
  integrity sha512-/zxw5+vh1Tfv+4Qn7a5nsbcJKPaSvCDhojn6FEl9vupwK2VCSDtEiEtqr8DFtzYFOdz63LBkxec7DYuc2jon6Q==
  dependencies:
    ms "2.1.2"

discontinuous-range@1.0.0:
  version "1.0.0"
  resolved "https://registry.npmjs.org/discontinuous-range/-/discontinuous-range-1.0.0.tgz"
  integrity sha1-44Mx8IRLukm5qctxx3FYWqsbxlo=

ecdsa-sig-formatter@1.0.11:
  version "1.0.11"
  resolved "https://registry.yarnpkg.com/ecdsa-sig-formatter/-/ecdsa-sig-formatter-1.0.11.tgz#ae0f0fa2d85045ef14a817daa3ce9acd0489e5bf"
  integrity sha512-nagl3RYrbNv6kQkeJIpt6NJZy8twLB/2vtz6yN9Z4vRKHN4/QZJIEbqohALSgwKdnksuY3k5Addp5lg8sVoVcQ==
  dependencies:
    safe-buffer "^5.0.1"

endian-toggle@^0.0.0:
  version "0.0.0"
  resolved "https://registry.npmjs.org/endian-toggle/-/endian-toggle-0.0.0.tgz"
  integrity sha1-5cx1eLEDLW7gHq/Nc3ZdsNtNwKY=

fast-deep-equal@^3.1.1:
  version "3.1.3"
  resolved "https://registry.npmjs.org/fast-deep-equal/-/fast-deep-equal-3.1.3.tgz"
  integrity sha512-f3qQ9oQy9j2AhBe/H9VC91wLmKBCCU/gDOnKNAYG5hswO7BLKj09Hc5HYNz9cGI++xlpDCIgDaitVs03ATR84Q==

fast-json-stable-stringify@^2.0.0:
  version "2.1.0"
  resolved "https://registry.npmjs.org/fast-json-stable-stringify/-/fast-json-stable-stringify-2.1.0.tgz"
  integrity sha512-lhd/wF+Lk98HZoTCtlVraHtfh5XYijIjalXck7saUtuanSDyLMxnHhSXEDJqHxD7msR8D0uCmqlkwjCV8xvwHw==

follow-redirects@^1.14.0:
  version "1.14.5"
  resolved "https://registry.npmjs.org/follow-redirects/-/follow-redirects-1.14.5.tgz"
  integrity sha512-wtphSXy7d4/OR+MvIFbCVBDzZ5520qV8XfPklSN5QtxuMUJZ+b0Wnst1e1lCDocfzuCkHqj8k0FpZqO+UIaKNA==

inherits@^2.0.3:
  version "2.0.4"
  resolved "https://registry.npmjs.org/inherits/-/inherits-2.0.4.tgz"
  integrity sha512-k/vGaX4/Yla3WzyMCvTQOXYeIHvqOKtnqBduzTHpzpQZzAskKMhZ2K+EnBiSM9zGSoIFeMpXKxa4dYeZIQqewQ==

jose@^4.1.4:
  version "4.3.7"
  resolved "https://registry.npmjs.org/jose/-/jose-4.3.7.tgz"
  integrity sha512-S7Xfsy8nN9Iw/AZxk+ZxEbd5ImIwJPM0TfAo8zI8FF+3lidQ2yiK4dqzsaPKSbZD0woNVSY0KCql6rlKc5V7ug==

json-schema-traverse@^0.4.1:
  version "0.4.1"
  resolved "https://registry.npmjs.org/json-schema-traverse/-/json-schema-traverse-0.4.1.tgz"
  integrity sha512-xbbCH5dCYU5T8LcEhhuh7HJ88HXuW3qsI3Y0zOZFKfZEHcpWiHU/Jxzk629Brsab/mMiHQti9wMP+845RPe3Vg==

jsonwebtoken@^9.0.0:
  version "9.0.0"
  resolved "https://registry.yarnpkg.com/jsonwebtoken/-/jsonwebtoken-9.0.0.tgz#d0faf9ba1cc3a56255fe49c0961a67e520c1926d"
  integrity sha512-tuGfYXxkQGDPnLJ7SibiQgVgeDgfbPq2k2ICcbgqW8WxWLBAxKQM/ZCu/IT8SOSwmaYl4dpTFCW5xZv7YbbWUw==
  dependencies:
    jws "^3.2.2"
    lodash "^4.17.21"
    ms "^2.1.1"
    semver "^7.3.8"

jwa@^1.4.1:
  version "1.4.1"
  resolved "https://registry.yarnpkg.com/jwa/-/jwa-1.4.1.tgz#743c32985cb9e98655530d53641b66c8645b039a"
  integrity sha512-qiLX/xhEEFKUAJ6FiBMbes3w9ATzyk5W7Hvzpa/SLYdxNtng+gcurvrI7TbACjIXlsJyr05/S1oUhZrc63evQA==
  dependencies:
    buffer-equal-constant-time "1.0.1"
    ecdsa-sig-formatter "1.0.11"
    safe-buffer "^5.0.1"

jws@^3.2.2:
  version "3.2.2"
  resolved "https://registry.yarnpkg.com/jws/-/jws-3.2.2.tgz#001099f3639468c9414000e99995fa52fb478304"
  integrity sha512-YHlZCB6lMTllWDtSPHz/ZXTsi8S00usEV6v1tjq8tOUZzw7DpSDWVXjXDre6ed1w/pd495ODpHZYSdkRTsa0HA==
  dependencies:
    jwa "^1.4.1"
    safe-buffer "^5.0.1"

lodash.get@^4.1.2, lodash.get@^4.4.2:
  version "4.4.2"
  resolved "https://registry.npmjs.org/lodash.get/-/lodash.get-4.4.2.tgz"
  integrity sha1-LRd/ZS+jHpObRDjVNBSZ36OCXpk=

lodash.merge@^4.3.0:
  version "4.6.2"
  resolved "https://registry.npmjs.org/lodash.merge/-/lodash.merge-4.6.2.tgz"
  integrity sha512-0KpjqXRVvrYyCsX1swR/XTK0va6VQkQM6MNo7PqW77ByjAhoARA8EfrP1N4+KlKj8YS0ZUCtRT/YUuhyYDujIQ==

lodash.reduce@^4.6.0:
  version "4.6.0"
  resolved "https://registry.npmjs.org/lodash.reduce/-/lodash.reduce-4.6.0.tgz"
  integrity sha1-8atrg5KZrUj3hKu/R2WW8DuRTTs=

lodash@^4.17.21:
  version "4.17.21"
  resolved "https://registry.yarnpkg.com/lodash/-/lodash-4.17.21.tgz#679591c564c3bffaae8454cf0b3df370c3d6911c"
  integrity sha512-v2kDEe57lecTulaDIuNTPy3Ry4gLGJ6Z1O3vE1krgXZNrsQ+LFTGHVxVjcXPs17LhbZVGedAJv8XZ1tvj5FvSg==

lru-cache@^6.0.0:
  version "6.0.0"
  resolved "https://registry.yarnpkg.com/lru-cache/-/lru-cache-6.0.0.tgz#6d6fe6570ebd96aaf90fcad1dafa3b2566db3a94"
  integrity sha512-Jo6dJ04CmSjuznwJSS3pUeWmd/H0ffTlkXXgwZi+eq1UCmqQwCh+eLsYOYCwY991i2Fah4h1BEMCx4qThGbsiA==
  dependencies:
    yallist "^4.0.0"

macaddress@^0.5.1:
  version "0.5.2"
  resolved "https://registry.npmjs.org/macaddress/-/macaddress-0.5.2.tgz"
  integrity sha512-cYYBbT3b84hTEHssWE6OmsuqF/NiLXE2RGK9Sc9SwwE9kMoKrbaUAJtKs6ucd0FFgZjXE1Wm3hoGEEYas0N6EA==

minecraft-data@^2.61.0, minecraft-data@^2.62.1, minecraft-data@^2.73.1, minecraft-data@^2.74.0, minecraft-data@^2.75.0, minecraft-data@^2.79.0, minecraft-data@^2.89.4, minecraft-data@^2.97.0:
  version "2.97.0"
  resolved "https://registry.npmjs.org/minecraft-data/-/minecraft-data-2.97.0.tgz"
  integrity sha512-hs///noGkmR6PBzA1VT+8oP3V/VR2JFno2Jw2M3RFLmuQtMqBSQBrpWqBa8ycx9eEA0bccasftEimv5OSpIwxQ==

minecraft-folder-path@^1.2.0:
  version "1.2.0"
  resolved "https://registry.npmjs.org/minecraft-folder-path/-/minecraft-folder-path-1.2.0.tgz"
  integrity sha512-qaUSbKWoOsH9brn0JQuBhxNAzTDMwrOXorwuRxdJKKKDYvZhtml+6GVCUrY5HRiEsieBEjCUnhVpDuQiKsiFaw==

minecraft-protocol@^1.17.0:
  version "1.28.1"
  resolved "https://registry.npmjs.org/minecraft-protocol/-/minecraft-protocol-1.28.1.tgz"
  integrity sha512-N4QR4EcSSVme14BqbPKU6dbGbtMfSAAB5Z69TG1te6nLXySaABoXGrjk7TzajdQ2kHuNQDxJ/jcBtwWGBC4Bkg==
  dependencies:
    aes-js "^3.1.2"
    buffer-equal "^1.0.0"
    debug "^4.3.2"
    endian-toggle "^0.0.0"
    lodash.get "^4.1.2"
    lodash.merge "^4.3.0"
    minecraft-data "^2.89.4"
    minecraft-folder-path "^1.2.0"
    node-fetch "^2.6.1"
    node-rsa "^0.4.2"
    prismarine-auth "^1.1.0"
    prismarine-nbt "^2.0.0"
    protodef "^1.8.0"
    readable-stream "^3.0.6"
    uuid-1345 "^1.0.1"
    yggdrasil "^1.4.0"

mineflayer-pathfinder@^1.8.0:
  version "1.8.0"
  resolved "https://registry.npmjs.org/mineflayer-pathfinder/-/mineflayer-pathfinder-1.8.0.tgz"
  integrity sha512-PHNy0xwF4r2sIwf65o1/vqwVHB0FkUaCifn0f0shM8ddy+hwKxn7KjnNm1Kef1AK7kW7OTEykOA3ASJae0759Q==
  dependencies:
    minecraft-data "^2.75.0"
    prismarine-block "^1.7.3"
    prismarine-entity "^1.1.0"
    prismarine-item "^1.5.0"
    prismarine-nbt "^1.4.0"
    prismarine-physics "^1.2.2"
    vec3 "^0.1.7"

mineflayer@^3.11.2:
  version "3.11.2"
  resolved "https://registry.npmjs.org/mineflayer/-/mineflayer-3.11.2.tgz"
  integrity sha512-hFxcJ15E0N9SN28J/XJn04Gy5NgeFT6IIdQpdDel80sHZsxFjE8CgKj5hhjc3i4owvG3rTaoi0vj7g3iCnrv8Q==
  dependencies:
    minecraft-data "^2.79.0"
    minecraft-protocol "^1.17.0"
    prismarine-biome "^1.1.0"
    prismarine-block "^1.6.0"
    prismarine-chat "^1.1.0"
    prismarine-chunk "^1.24.0"
    prismarine-entity "^1.0.0"
    prismarine-item "^1.6.0"
    prismarine-physics "^1.0.4"
    prismarine-recipe "^1.1.0"
    prismarine-windows "^2.3.0"
    prismarine-world "^3.6.0"
    protodef "^1.8.0"
    typed-emitter "^1.2.0"
    vec3 "^0.1.6"

mojangson@^2.0.1:
  version "2.0.2"
  resolved "https://registry.npmjs.org/mojangson/-/mojangson-2.0.2.tgz"
  integrity sha512-iGPRE1Ez+W+42Dt4Ao91c9VVs+FmuRUlAFDef76xRX3mbZrTNuezDtFI0PbfYqheg/B0fSiq0Q0V1emZNt37cw==
  dependencies:
    nearley "^2.19.5"

moo@^0.5.0:
  version "0.5.1"
  resolved "https://registry.npmjs.org/moo/-/moo-0.5.1.tgz"
  integrity sha512-I1mnb5xn4fO80BH9BLcF0yLypy2UKl+Cb01Fu0hJRkJjlCRtxZMWkTdAtDd5ZqCOxtCkhmRwyI57vWT+1iZ67w==

ms@2.1.2:
  version "2.1.2"
  resolved "https://registry.npmjs.org/ms/-/ms-2.1.2.tgz"
  integrity sha512-sGkPx+VjMtmA6MX27oA4FBFELFCZZ4S4XqeGOXCv68tT+jb3vk/RyaKWP0PTKyWtmLSM0b+adUTEvbs1PEaH2w==

ms@^2.1.1:
  version "2.1.3"
  resolved "https://registry.yarnpkg.com/ms/-/ms-2.1.3.tgz#574c8138ce1d2b5861f0b44579dbadd60c6615b2"
  integrity sha512-6FlzubTLZG3J2a/NVCAleEhjzq5oxgHyaCU9yYXvcLsvoVaHJq/s5xXI6/XXP6tz7R9xAOtHnSO/tXtF3WRTlA==

nearley@^2.19.5:
  version "2.20.1"
  resolved "https://registry.npmjs.org/nearley/-/nearley-2.20.1.tgz"
  integrity sha512-+Mc8UaAebFzgV+KpI5n7DasuuQCHA89dmwm7JXw3TV43ukfNQ9DnBH3Mdb2g/I4Fdxc26pwimBWvjIw0UAILSQ==
  dependencies:
    commander "^2.19.0"
    moo "^0.5.0"
    railroad-diagrams "^1.0.0"
    randexp "0.4.6"

node-fetch@^2.6.1:
  version "2.6.6"
  resolved "https://registry.npmjs.org/node-fetch/-/node-fetch-2.6.6.tgz"
  integrity sha512-Z8/6vRlTUChSdIgMa51jxQ4lrw/Jy5SOW10ObaA47/RElsAN2c5Pn8bTgFGWn/ibwzXTE8qwr1Yzx28vsecXEA==
  dependencies:
    whatwg-url "^5.0.0"

node-rsa@^0.4.2:
  version "0.4.2"
  resolved "https://registry.npmjs.org/node-rsa/-/node-rsa-0.4.2.tgz"
  integrity sha1-1jkXKewWqDDtWjgEKzFX0tXXJTA=
  dependencies:
    asn1 "0.2.3"

prismarine-auth@^1.1.0:
  version "1.4.0"
  resolved "https://registry.npmjs.org/prismarine-auth/-/prismarine-auth-1.4.0.tgz"
  integrity sha512-Bd/UtNMaRjdkpvft78iFd3FDSJz8qLhi5GklMCb+sAkdWNn3zHSqNYk27Kad7ix9N34dZ+f7wL8nS26tV6qL7g==
  dependencies:
    "@azure/msal-node" "^1.1.0"
    "@xboxreplay/xboxlive-auth" "^3.3.3"
    jose "^4.1.4"
    node-fetch "^2.6.1"
    smart-buffer "^4.1.0"
    uuid-1345 "^1.0.2"

prismarine-biome@^1.1.0:
  version "1.1.1"
  resolved "https://registry.npmjs.org/prismarine-biome/-/prismarine-biome-1.1.1.tgz"
  integrity sha512-JkX1CcIDR538j5Qj3pbLCTB2LsGukNOudWbk4niQ93a3fItLVJkPnY9H3/uxpVz2PIQxhmaAXVRaYWj6M9C2Bw==

prismarine-block@^1.10.3, prismarine-block@^1.2.0, prismarine-block@^1.6.0, prismarine-block@^1.7.3:
  version "1.10.3"
  resolved "https://registry.npmjs.org/prismarine-block/-/prismarine-block-1.10.3.tgz"
  integrity sha512-RFJiXmzGwmNPGeUkNSzxAGRcWkIrtQOVT4j0KcBjol3ae117DgTZKmJqqqbW78ip6lAmwjwy6s6cyiiDxzEKYA==
  dependencies:
    prismarine-biome "^1.1.0"
    prismarine-item "^1.10.1"

prismarine-chat@^1.1.0:
  version "1.4.0"
  resolved "https://registry.npmjs.org/prismarine-chat/-/prismarine-chat-1.4.0.tgz"
  integrity sha512-UgeAB2PRSNtYFPZysOwV/woOWXnIj3tqDcw6qyriCjJhsL9R6e2aoCcF5doL4sElUNXYdRphNZXSjJ9tldrb6w==
  dependencies:
    minecraft-data "^2.62.1"
    mojangson "^2.0.1"
    prismarine-item "^1.10.0"
    prismarine-nbt "^2.0.0"
    sprintf-js "^1.1.2"

prismarine-chunk@^1.24.0:
  version "1.26.0"
  resolved "https://registry.npmjs.org/prismarine-chunk/-/prismarine-chunk-1.26.0.tgz"
  integrity sha512-BRObPaV4Lg0g735jaj97MT0BRzYOSggumkEPT1OkX/INvpTD75IKqRKzlT1P9jjxPTnXkoqsA6Mo6o9y4Tlo/w==
  dependencies:
    minecraft-data "^2.61.0"
    prismarine-block "^1.2.0"
    smart-buffer "^4.1.0"
    uint4 "^0.1.2"
    vec3 "^0.1.3"

prismarine-entity@^1.0.0, prismarine-entity@^1.1.0:
  version "1.2.0"
  resolved "https://registry.npmjs.org/prismarine-entity/-/prismarine-entity-1.2.0.tgz"
  integrity sha512-4dQ9LYl6HDJQrwZHjSKU4D5VNyHRnfrjcw7eVLlbRPkuR50utW5mmfPi4ys9U7tHNmGWHC/cwjH9xzT75LUovQ==
  dependencies:
    vec3 "^0.1.4"

prismarine-item@^1.10.0, prismarine-item@^1.10.1, prismarine-item@^1.11.1, prismarine-item@^1.5.0, prismarine-item@^1.6.0:
  version "1.11.1"
  resolved "https://registry.npmjs.org/prismarine-item/-/prismarine-item-1.11.1.tgz"
  integrity sha512-XSH17qurwgY0+Oez4k1FQAWjLrA0kLwssv1eQl93ghigVY7jOz+Z1IbeJOBw95SZZoQQooJXlftgwNjpvOX8aw==
  dependencies:
    prismarine-nbt "^1.4.0"

prismarine-nbt@^1.4.0:
  version "1.6.0"
  resolved "https://registry.npmjs.org/prismarine-nbt/-/prismarine-nbt-1.6.0.tgz"
  integrity sha512-h0ECvIjjwjMOtsmHxHc8hNY7kzktnKqKXmOHF0AkmH7OjkcHNAFsWRiZNvfc76rOhNonRutHvTVAlh/eLtK0oA==
  dependencies:
    protodef "^1.9.0"

prismarine-nbt@^2.0.0:
  version "2.0.0"
  resolved "https://registry.npmjs.org/prismarine-nbt/-/prismarine-nbt-2.0.0.tgz"
  integrity sha512-Q+HzmnW5BhiIGk++vJbRIr5ekSt51uLLEzBA4a0Bt+/6Ohh2xIL9O/i3v9vMSo0WcnyjGm1HA/wS4+zDKrLUKQ==
  dependencies:
    protodef "^1.9.0"

prismarine-physics@^1.0.4, prismarine-physics@^1.2.2:
  version "1.3.1"
  resolved "https://registry.npmjs.org/prismarine-physics/-/prismarine-physics-1.3.1.tgz"
  integrity sha512-K8aT/Nq0GvDyGsohv2dRugpPMBgZwVpdTURb8/Mh8Br3fOFsn/IJ81zcOJEK2IulTuvuho3vzYM6ayQm7ibUFQ==
  dependencies:
    minecraft-data "^2.73.1"
    prismarine-nbt "^1.4.0"
    vec3 "^0.1.7"

prismarine-recipe@^1.1.0:
  version "1.1.0"
  resolved "https://registry.npmjs.org/prismarine-recipe/-/prismarine-recipe-1.1.0.tgz"
  integrity sha512-eFmriEWoe6S6OSVbOJnsXpaBuzeIzjaGymDUTCtrOu80734NWKI7outdLI6R2ztJ+f2PFIkFmpkazAdScStGNA==

prismarine-windows@^2.3.0:
  version "2.4.3"
  resolved "https://registry.npmjs.org/prismarine-windows/-/prismarine-windows-2.4.3.tgz"
  integrity sha512-cwY8Pw8LcfWmTMlxg88hwj4JbEqqKivuwbWnu/jy9Qd6dPI80AtLBSrxsdVkJ9siy2imc1xP5vs+RxInzZo+TA==
  dependencies:
    minecraft-data "^2.74.0"
    prismarine-item "^1.5.0"

prismarine-world@^3.6.0:
  version "3.6.0"
  resolved "https://registry.npmjs.org/prismarine-world/-/prismarine-world-3.6.0.tgz"
  integrity sha512-rAudKWNOfiDrDaBlXx9/5B4CO/kc5G1RBq3GFAu1ov6GwUq8Ib8KXYeHPsoJwN3tfVDuFaJjncgsShqdoSmP0w==
  dependencies:
    vec3 "^0.1.7"

protodef-validator@^1.3.0:
  version "1.3.1"
  resolved "https://registry.npmjs.org/protodef-validator/-/protodef-validator-1.3.1.tgz"
  integrity sha512-lZ5FWKZYR9xOjpMw1+EfZRfCjzNRQWPq+Dk+jki47Sikl2EeWEPnTfnJERwnU/EwFq6us+0zqHHzSsmLeYX+Lg==
  dependencies:
    ajv "^6.5.4"

protodef@^1.8.0, protodef@^1.9.0:
  version "1.14.0"
  resolved "https://registry.npmjs.org/protodef/-/protodef-1.14.0.tgz"
  integrity sha512-rL1WRlBC8LbAgBTa401eHMqnkX6zy1pHgS4kTSJVJ8rwP/AgVuWijGE3S3XHRkRjB/+4U1jMTqRdmtGdIqVOKQ==
  dependencies:
    lodash.get "^4.4.2"
    lodash.reduce "^4.6.0"
    protodef-validator "^1.3.0"
    readable-stream "^3.0.3"

punycode@^2.1.0:
  version "2.1.1"
  resolved "https://registry.npmjs.org/punycode/-/punycode-2.1.1.tgz"
  integrity sha512-XRsRjdf+j5ml+y/6GKHPZbrF/8p2Yga0JPtdqTIY2Xe5ohJPD9saDJJLPvp9+NSBprVvevdXZybnj2cv8OEd0A==

railroad-diagrams@^1.0.0:
  version "1.0.0"
  resolved "https://registry.npmjs.org/railroad-diagrams/-/railroad-diagrams-1.0.0.tgz"
  integrity sha1-635iZ1SN3t+4mcG5Dlc3RVnN234=

randexp@0.4.6:
  version "0.4.6"
  resolved "https://registry.npmjs.org/randexp/-/randexp-0.4.6.tgz"
  integrity sha512-80WNmd9DA0tmZrw9qQa62GPPWfuXJknrmVmLcxvq4uZBdYqb1wYoKTmnlGUchvVWe0XiLupYkBoXVOxz3C8DYQ==
  dependencies:
    discontinuous-range "1.0.0"
    ret "~0.1.10"

readable-stream@^3.0.3, readable-stream@^3.0.6:
  version "3.6.0"
  resolved "https://registry.npmjs.org/readable-stream/-/readable-stream-3.6.0.tgz"
  integrity sha512-BViHy7LKeTz4oNnkcLJ+lVSL6vpiFeX6/d3oSH8zCW7UxP2onchk+vTGB143xuFjHS3deTgkKoXXymXqymiIdA==
  dependencies:
    inherits "^2.0.3"
    string_decoder "^1.1.1"
    util-deprecate "^1.0.1"

ret@~0.1.10:
  version "0.1.15"
  resolved "https://registry.npmjs.org/ret/-/ret-0.1.15.tgz"
  integrity sha512-TTlYpa+OL+vMMNG24xSlQGEJ3B/RzEfUlLct7b5G/ytav+wPrplCpVMFuwzXbkecJrb6IYo1iFb0S9v37754mg==

safe-buffer@^5.0.1, safe-buffer@~5.2.0:
  version "5.2.1"
  resolved "https://registry.npmjs.org/safe-buffer/-/safe-buffer-5.2.1.tgz"
  integrity sha512-rp3So07KcdmmKbGvgaNxQSJr7bGVSVk5S9Eq1F+ppbRo70+YeaDxkw5Dd8NPN+GD6bjnYm2VuPuCXmpuYvmCXQ==

semver@^7.3.8:
  version "7.3.8"
  resolved "https://registry.yarnpkg.com/semver/-/semver-7.3.8.tgz#07a78feafb3f7b32347d725e33de7e2a2df67798"
  integrity sha512-NB1ctGL5rlHrPJtFDVIVzTyQylMLu9N9VICA6HSFJo8MCGVTMW6gfpicwKmmK/dAjTOrqu5l63JJOpDSrAis3A==
  dependencies:
    lru-cache "^6.0.0"

smart-buffer@^4.1.0:
  version "4.2.0"
  resolved "https://registry.npmjs.org/smart-buffer/-/smart-buffer-4.2.0.tgz"
  integrity sha512-94hK0Hh8rPqQl2xXc3HsaBoOXKV20MToPkcXvwbISWLEs+64sBq5kFgn2kJDHb1Pry9yrP0dxrCI9RRci7RXKg==

sprintf-js@^1.1.2:
  version "1.1.2"
  resolved "https://registry.npmjs.org/sprintf-js/-/sprintf-js-1.1.2.tgz"
  integrity sha512-VE0SOVEHCk7Qc8ulkWw3ntAzXuqf7S2lvwQaDLRnUeIEaKNQJzV6BwmLKhOqT61aGhfUMrXeaBk+oDGCzvhcug==

string_decoder@^1.1.1:
  version "1.3.0"
  resolved "https://registry.npmjs.org/string_decoder/-/string_decoder-1.3.0.tgz"
  integrity sha512-hkRX8U1WjJFd8LsDJ2yQ/wWWxaopEsABU1XfkM8A+j0+85JAGppt16cr1Whg6KIbb4okU6Mql6BOj+uup/wKeA==
  dependencies:
    safe-buffer "~5.2.0"

tr46@~0.0.3:
  version "0.0.3"
  resolved "https://registry.npmjs.org/tr46/-/tr46-0.0.3.tgz"
  integrity sha1-gYT9NH2snNwYWZLzpmIuFLnZq2o=

typed-emitter@^1.2.0:
  version "1.4.0"
  resolved "https://registry.npmjs.org/typed-emitter/-/typed-emitter-1.4.0.tgz"
  integrity sha512-weBmoo3HhpKGgLBOYwe8EB31CzDFuaK7CCL+axXhUYhn4jo6DSkHnbefboCF5i4DQ2aMFe0C/FdTWcPdObgHyg==

typescript@^4.5.2:
  version "4.5.2"
  resolved "https://registry.npmjs.org/typescript/-/typescript-4.5.2.tgz"
  integrity sha512-5BlMof9H1yGt0P8/WF+wPNw6GfctgGjXp5hkblpyT+8rkASSmkUKMXrxR0Xg8ThVCi/JnHQiKXeBaEwCeQwMFw==

uint4@^0.1.2:
  version "0.1.2"
  resolved "https://registry.npmjs.org/uint4/-/uint4-0.1.2.tgz"
  integrity sha1-UMWuBLhdKBKPLfPMDsxNQavC9oE=

uri-js@^4.2.2:
  version "4.4.1"
  resolved "https://registry.npmjs.org/uri-js/-/uri-js-4.4.1.tgz"
  integrity sha512-7rKUyy33Q1yc98pQ1DAmLtwX109F7TIfWlW1Ydo8Wl1ii1SeHieeh0HHfPeL2fMXK6z0s8ecKs9frCuLJvndBg==
  dependencies:
    punycode "^2.1.0"

util-deprecate@^1.0.1:
  version "1.0.2"
  resolved "https://registry.npmjs.org/util-deprecate/-/util-deprecate-1.0.2.tgz"
  integrity sha1-RQ1Nyfpw3nMnYvvS1KKJgUGaDM8=

uuid-1345@^1.0.1, uuid-1345@^1.0.2:
  version "1.0.2"
  resolved "https://registry.npmjs.org/uuid-1345/-/uuid-1345-1.0.2.tgz"
  integrity sha512-bA5zYZui+3nwAc0s3VdGQGBfbVsJLVX7Np7ch2aqcEWFi5lsAEcmO3+lx3djM1npgpZI8KY2FITZ2uYTnYUYyw==
  dependencies:
    macaddress "^0.5.1"

uuid@^8.2.0, uuid@^8.3.0:
  version "8.3.2"
  resolved "https://registry.npmjs.org/uuid/-/uuid-8.3.2.tgz"
  integrity sha512-+NYs2QeMWy+GWFOEm9xnn6HCDp0l7QBD7ml8zLUmJ+93Q5NF0NocErnwkTkXVFNiX3/fpC6afS8Dhb/gz7R7eg==

vec3@^0.1.3, vec3@^0.1.4, vec3@^0.1.6, vec3@^0.1.7:
  version "0.1.7"
  resolved "https://registry.npmjs.org/vec3/-/vec3-0.1.7.tgz"
  integrity sha512-EZSeXBL+L3go2wWwtQQse4fEcNGIQjT14qvi4LYVj1ifZt/J5XZ1QZqkDuOVVH07YwTEIFbsAv3pzwUpF7x9Wg==

webidl-conversions@^3.0.0:
  version "3.0.1"
  resolved "https://registry.npmjs.org/webidl-conversions/-/webidl-conversions-3.0.1.tgz"
  integrity sha1-JFNCdeKnvGvnvIZhHMFq4KVlSHE=

whatwg-url@^5.0.0:
  version "5.0.0"
  resolved "https://registry.npmjs.org/whatwg-url/-/whatwg-url-5.0.0.tgz"
  integrity sha1-lmRU6HZUYuN2RNNib2dCzotwll0=
  dependencies:
    tr46 "~0.0.3"
    webidl-conversions "^3.0.0"

yallist@^4.0.0:
  version "4.0.0"
  resolved "https://registry.yarnpkg.com/yallist/-/yallist-4.0.0.tgz#9bb92790d9c0effec63be73519e11a35019a3a72"
  integrity sha512-3wdGidZyq5PB084XLES5TpOSRA3wjXAlIWMhum2kRcv/41Sn2emQ0dycQW4uZXLejwKvg6EsvbdlVL+FYEct7A==

yggdrasil@^1.4.0:
  version "1.6.1"
  resolved "https://registry.npmjs.org/yggdrasil/-/yggdrasil-1.6.1.tgz"
  integrity sha512-6rUJ0A7YNVNd1K+8EvmVUc+l8CbhW7VKnN747BrC+YCukZj9C5rNsGxIZGf4MwxMHFDy/YNY++Gqf0VUxKy2ww==
  dependencies:
    node-fetch "^2.6.1"
    uuid "^8.2.0"
